
Microsoft Visual Studio Solution File, Format Version 12.00
# Visual Studio Version 17
VisualStudioVersion = 17.14.36310.24 d17.14
MinimumVisualStudioVersion = 10.0.40219.1
Project("{FAE04EC0-301F-11D3-BF4B-00C04F79EFBC}") = "quiz app", "quiz app\quiz app.csproj", "{59DB5534-F3E7-4F4D-B840-79447C721F41}"
EndProject
Global
	GlobalSection(SolutionConfigurationPlatforms) = preSolution
		Debug|Any CPU = Debug|Any CPU
		Release|Any CPU = Release|Any CPU
	EndGlobalSection
	GlobalSection(ProjectConfigurationPlatforms) = postSolution
		{59DB5534-F3E7-4F4D-B840-79447C721F41}.Debug|Any CPU.ActiveCfg = Debug|Any CPU
		{59DB5534-F3E7-4F4D-B840-79447C721F41}.Debug|Any CPU.Build.0 = Debug|Any CPU
		{59DB5534-F3E7-4F4D-B840-79447C721F41}.Release|Any CPU.ActiveCfg = Release|Any CPU
		{59DB5534-F3E7-4F4D-B840-79447C721F41}.Release|Any CPU.Build.0 = Release|Any CPU
	EndGlobalSection
	GlobalSection(SolutionProperties) = preSolution
		HideSolutionNode = FALSE
	EndGlobalSection
	GlobalSection(ExtensibilityGlobals) = postSolution
		SolutionGuid = {BF61D2DD-E019-4943-875E-9D63EF4BFC07}
	EndGlobalSection
EndGlobal
